{
  "requires": true,
  "lockfileVersion": 1,
  "dependencies": {
    "cypress-commands": {
      "version": "1.0.0",
      "resolved": "https://registry.npmjs.org/cypress-commands/-/cypress-commands-1.0.0.tgz",
      "integrity": "sha512-q+l8SKALVCHVA2Y3zzDD5vOKDWnF4FIdU6dtC6iGT8P/gcY7xqVPiASiw2+A0K+Y6OjYrXBvxMHix/9eseCLZA==",
      "dev": true
    }
  }
}
